
Microsoft Visual Studio Solution File, Format Version 12.00
# Visual Studio Version 16
VisualStudioVersion = 16.0.29905.134
MinimumVisualStudioVersion = 10.0.40219.1
Project("{8BC9CEB8-8B4A-11D0-8D11-00A0C91BC942}") = "MusicPlayer", "MusicPlayer\MusicPlayer.vcxproj", "{9AA996B2-E95D-4242-887B-9E573CD7FD0B}"
EndProject
Global
	GlobalSection(SolutionConfigurationPlatforms) = preSolution
		Debug|x64 = Debug|x64
		Release|x64 = Release|x64
	EndGlobalSection
	GlobalSection(ProjectConfigurationPlatforms) = postSolution
		{9AA996B2-E95D-4242-887B-9E573CD7FD0B}.Debug|x64.ActiveCfg = Debug|x64
		{9AA996B2-E95D-4242-887B-9E573CD7FD0B}.Debug|x64.Build.0 = Debug|x64
		{9AA996B2-E95D-4242-887B-9E573CD7FD0B}.Release|x64.ActiveCfg = Release|x64
		{9AA996B2-E95D-4242-887B-9E573CD7FD0B}.Release|x64.Build.0 = Release|x64
	EndGlobalSection
	GlobalSection(SolutionProperties) = preSolution
		HideSolutionNode = FALSE
	EndGlobalSection
	GlobalSection(ExtensibilityGlobals) = postSolution
		SolutionGuid = {ED6E9450-A804-471A-83F9-E43F4A8F1A10}
	EndGlobalSection
EndGlobal
